Microsoft Visual Studio Solution File, Format Version 12.00
# Visual Studio 2012
Project("{FAE04EC0-301F-11D3-BF4B-00C04F79EFBC}") = "WebIMU", "WebIMU.csproj", "{4AE70F92-DD8B-4FD0-93FF-539936CDC42D}"
EndProject
Global
	GlobalSection(SolutionConfigurationPlatforms) = preSolution
	Debug|Any CPU = Debug|Any CPU
	ExportDebug|Any CPU = ExportDebug|Any CPU
	ExportRelease|Any CPU = ExportRelease|Any CPU
	EndGlobalSection
	GlobalSection(ProjectConfigurationPlatforms) = postSolution
		{4AE70F92-DD8B-4FD0-93FF-539936CDC42D}.Debug|Any CPU.ActiveCfg = Debug|Any CPU
		{4AE70F92-DD8B-4FD0-93FF-539936CDC42D}.Debug|Any CPU.Build.0 = Debug|Any CPU
		{4AE70F92-DD8B-4FD0-93FF-539936CDC42D}.ExportDebug|Any CPU.ActiveCfg = ExportDebug|Any CPU
		{4AE70F92-DD8B-4FD0-93FF-539936CDC42D}.ExportDebug|Any CPU.Build.0 = ExportDebug|Any CPU
		{4AE70F92-DD8B-4FD0-93FF-539936CDC42D}.ExportRelease|Any CPU.ActiveCfg = ExportRelease|Any CPU
		{4AE70F92-DD8B-4FD0-93FF-539936CDC42D}.ExportRelease|Any CPU.Build.0 = ExportRelease|Any CPU
	EndGlobalSection
EndGlobal
